
Microsoft Visual Studio Solution File, Format Version 12.00
# Visual Studio Version 17
VisualStudioVersion = 17.14.36310.24
MinimumVisualStudioVersion = 10.0.40219.1
Project("{FAE04EC0-301F-11D3-BF4B-00C04F79EFBC}") = "Day01", "Test01\Day01.csproj", "{FCFEEE32-5B3D-4E9B-B54F-D9565AE2C2A0}"
EndProject
Global
	GlobalSection(SolutionConfigurationPlatforms) = preSolution
		Debug|Any CPU = Debug|Any CPU
		Release|Any CPU = Release|Any CPU
	EndGlobalSection
	GlobalSection(ProjectConfigurationPlatforms) = postSolution
		{FCFEEE32-5B3D-4E9B-B54F-D9565AE2C2A0}.Debug|Any CPU.ActiveCfg = Debug|Any CPU
		{FCFEEE32-5B3D-4E9B-B54F-D9565AE2C2A0}.Debug|Any CPU.Build.0 = Debug|Any CPU
		{FCFEEE32-5B3D-4E9B-B54F-D9565AE2C2A0}.Release|Any CPU.ActiveCfg = Release|Any CPU
		{FCFEEE32-5B3D-4E9B-B54F-D9565AE2C2A0}.Release|Any CPU.Build.0 = Release|Any CPU
	EndGlobalSection
	GlobalSection(SolutionProperties) = preSolution
		HideSolutionNode = FALSE
	EndGlobalSection
	GlobalSection(ExtensibilityGlobals) = postSolution
		SolutionGuid = {1A3FBBEB-59A3-4AE7-92DE-72243955025F}
	EndGlobalSection
EndGlobal
